
Microsoft Visual Studio Solution File, Format Version 12.00
Project("{FAE04EC0-301F-11D3-BF4B-00C04F79EFBC}") = "WorkshopDownloader", "WorkshopDownloader\WorkshopDownloader.csproj", "{1F6EB10F-1F85-42EE-A3CA-6F2D277C8F65}"
EndProject
Global
	GlobalSection(SolutionConfigurationPlatforms) = preSolution
		Debug|Any CPU = Debug|Any CPU
		Release|Any CPU = Release|Any CPU
	EndGlobalSection
	GlobalSection(ProjectConfigurationPlatforms) = postSolution
		{1F6EB10F-1F85-42EE-A3CA-6F2D277C8F65}.Debug|Any CPU.ActiveCfg = Debug|Any CPU
		{1F6EB10F-1F85-42EE-A3CA-6F2D277C8F65}.Debug|Any CPU.Build.0 = Debug|Any CPU
		{1F6EB10F-1F85-42EE-A3CA-6F2D277C8F65}.Release|Any CPU.ActiveCfg = Release|Any CPU
		{1F6EB10F-1F85-42EE-A3CA-6F2D277C8F65}.Release|Any CPU.Build.0 = Release|Any CPU
	EndGlobalSection
EndGlobal
